
Microsoft Visual Studio Solution File, Format Version 12.00
# Visual Studio Version 17
VisualStudioVersion = 17.5.33502.453
MinimumVisualStudioVersion = 10.0.40219.1
Project("{9A19103F-16F7-4668-BE54-9A1E7A4F7556}") = "Ecommence.WebApp", "Ecommence.WebApp\Ecommence.WebApp.csproj", "{B0EDF3B8-E68F-4483-9888-3A7E3F16EE69}"
EndProject
Project("{9A19103F-16F7-4668-BE54-9A1E7A4F7556}") = "Ecommence.Application", "Ecommence.Application\Ecommence.Application.csproj", "{9B957DFC-04E7-4FC9-BBB5-F2BE29CA4765}"
EndProject
Project("{9A19103F-16F7-4668-BE54-9A1E7A4F7556}") = "Ecoommence.EntityData", "Ecoommence.EntityData\Ecoommence.EntityData.csproj", "{64D6E83C-BDB2-49A5-9C17-5D35FF5D0C9C}"
EndProject
Global
	GlobalSection(SolutionConfigurationPlatforms) = preSolution
		Debug|Any CPU = Debug|Any CPU
		Release|Any CPU = Release|Any CPU
	EndGlobalSection
	GlobalSection(ProjectConfigurationPlatforms) = postSolution
		{B0EDF3B8-E68F-4483-9888-3A7E3F16EE69}.Debug|Any CPU.ActiveCfg = Debug|Any CPU
		{B0EDF3B8-E68F-4483-9888-3A7E3F16EE69}.Debug|Any CPU.Build.0 = Debug|Any CPU
		{B0EDF3B8-E68F-4483-9888-3A7E3F16EE69}.Release|Any CPU.ActiveCfg = Release|Any CPU
		{B0EDF3B8-E68F-4483-9888-3A7E3F16EE69}.Release|Any CPU.Build.0 = Release|Any CPU
		{9B957DFC-04E7-4FC9-BBB5-F2BE29CA4765}.Debug|Any CPU.ActiveCfg = Debug|Any CPU
		{9B957DFC-04E7-4FC9-BBB5-F2BE29CA4765}.Debug|Any CPU.Build.0 = Debug|Any CPU
		{9B957DFC-04E7-4FC9-BBB5-F2BE29CA4765}.Release|Any CPU.ActiveCfg = Release|Any CPU
		{9B957DFC-04E7-4FC9-BBB5-F2BE29CA4765}.Release|Any CPU.Build.0 = Release|Any CPU
		{64D6E83C-BDB2-49A5-9C17-5D35FF5D0C9C}.Debug|Any CPU.ActiveCfg = Debug|Any CPU
		{64D6E83C-BDB2-49A5-9C17-5D35FF5D0C9C}.Debug|Any CPU.Build.0 = Debug|Any CPU
		{64D6E83C-BDB2-49A5-9C17-5D35FF5D0C9C}.Release|Any CPU.ActiveCfg = Release|Any CPU
		{64D6E83C-BDB2-49A5-9C17-5D35FF5D0C9C}.Release|Any CPU.Build.0 = Release|Any CPU
	EndGlobalSection
	GlobalSection(SolutionProperties) = preSolution
		HideSolutionNode = FALSE
	EndGlobalSection
	GlobalSection(ExtensibilityGlobals) = postSolution
		SolutionGuid = {7B3EC003-7CF8-4CBE-83E5-E8858F6A1403}
	EndGlobalSection
EndGlobal
